// !$*UTF8*$!
{
	archiveVersion = 1;
	classes = {
	};
	objectVersion = 51;
	objects = {

/* Begin PBXBuildFile section */
		8A6AA37D2319A3D2004CB118 /* AppDelegate.swift in Sources */ = {isa = PBXBuildFile; fileRef = 8A6AA37C2319A3D2004CB118 /* AppDelegate.swift */; };
		8A6AA37F2319A3D2004CB118 /* LoginController.swift in Sources */ = {isa = PBXBuildFile; fileRef = 8A6AA37E2319A3D2004CB118 /* LoginController.swift */; };
		8A6AA3822319A3D2004CB118 /* Main.storyboard in Resources */ = {isa = PBXBuildFile; fileRef = 8A6AA3802319A3D2004CB118 /* Main.storyboard */; };
		8A6AA3842319A3D4004CB118 /* Assets.xcassets in Resources */ = {isa = PBXBuildFile; fileRef = 8A6AA3832319A3D4004CB118 /* Assets.xcassets */; };
		8A6AA3872319A3D4004CB118 /* LaunchScreen.storyboard in Resources */ = {isa = PBXBuildFile; fileRef = 8A6AA3852319A3D4004CB118 /* LaunchScreen.storyboard */; };
		8A6AA397231A9247004CB118 /* GoogleService-Info.plist in Resources */ = {isa = PBXBuildFile; fileRef = 8A6AA396231A9247004CB118 /* GoogleService-Info.plist */; };
		8A6AA399231AACFA004CB118 /* MainController.swift in Sources */ = {isa = PBXBuildFile; fileRef = 8A6AA398231AACFA004CB118 /* MainController.swift */; };
		8A6AA39D231AC935004CB118 /* UserDto.swift in Sources */ = {isa = PBXBuildFile; fileRef = 8A6AA39C231AC935004CB118 /* UserDto.swift */; };
		8A6AA3A0231AC9EE004CB118 /* UserMapper.swift in Sources */ = {isa = PBXBuildFile; fileRef = 8A6AA39F231AC9EE004CB118 /* UserMapper.swift */; };
		8A6AA3A2231ACE50004CB118 /* UserDtoExt.swift in Sources */ = {isa = PBXBuildFile; fileRef = 8A6AA3A1231ACE50004CB118 /* UserDtoExt.swift */; };
		D246481AEFD22B1167F0C2BF /* Pods_adoptme.framework in Frameworks */ = {isa = PBXBuildFile; fileRef = 7D6DBF4F06DB98531653D851 /* Pods_adoptme.framework */; };
/* End PBXBuildFile section */

/* Begin PBXFileReference section */
		312D6697F8F495FAC7F8A38C /* Pods-adoptme.release.xcconfig */ = {isa = PBXFileReference; includeInIndex = 1; lastKnownFileType = text.xcconfig; name = "Pods-adoptme.release.xcconfig"; path = "Target Support Files/Pods-adoptme/Pods-adoptme.release.xcconfig"; sourceTree = "<group>"; };
		7D6DBF4F06DB98531653D851 /* Pods_adoptme.framework */ = {isa = PBXFileReference; explicitFileType = wrapper.framework; includeInIndex = 0; path = Pods_adoptme.framework; sourceTree = BUILT_PRODUCTS_DIR; };
		8A6AA3792319A3D2004CB118 /* adoptme.app */ = {isa = PBXFileReference; explicitFileType = wrapper.application; includeInIndex = 0; path = adoptme.app; sourceTree = BUILT_PRODUCTS_DIR; };
		8A6AA37C2319A3D2004CB118 /* AppDelegate.swift */ = {isa = PBXFileReference; lastKnownFileType = sourcecode.swift; path = AppDelegate.swift; sourceTree = "<group>"; };
		8A6AA37E2319A3D2004CB118 /* LoginController.swift */ = {isa = PBXFileReference; lastKnownFileType = sourcecode.swift; path = LoginController.swift; sourceTree = "<group>"; };
		8A6AA3812319A3D2004CB118 /* Base */ = {isa = PBXFileReference; lastKnownFileType = file.storyboard; name = Base; path = Base.lproj/Main.storyboard; sourceTree = "<group>"; };
		8A6AA3832319A3D4004CB118 /* Assets.xcassets */ = {isa = PBXFileReference; lastKnownFileType = folder.assetcatalog; path = Assets.xcassets; sourceTree = "<group>"; };
		8A6AA3862319A3D4004CB118 /* Base */ = {isa = PBXFileReference; lastKnownFileType = file.storyboard; name = Base; path = Base.lproj/LaunchScreen.storyboard; sourceTree = "<group>"; };
		8A6AA3882319A3D4004CB118 /* Info.plist */ = {isa = PBXFileReference; lastKnownFileType = text.plist.xml; path = Info.plist; sourceTree = "<group>"; };
		8A6AA396231A9247004CB118 /* GoogleService-Info.plist */ = {isa = PBXFileReference; fileEncoding = 4; lastKnownFileType = text.plist.xml; path = "GoogleService-Info.plist"; sourceTree = "<group>"; };
		8A6AA398231AACFA004CB118 /* MainController.swift */ = {isa = PBXFileReference; lastKnownFileType = sourcecode.swift; path = MainController.swift; sourceTree = "<group>"; };
		8A6AA39C231AC935004CB118 /* UserDto.swift */ = {isa = PBXFileReference; lastKnownFileType = sourcecode.swift; path = UserDto.swift; sourceTree = "<group>"; };
		8A6AA39F231AC9EE004CB118 /* UserMapper.swift */ = {isa = PBXFileReference; lastKnownFileType = sourcecode.swift; path = UserMapper.swift; sourceTree = "<group>"; };
		8A6AA3A1231ACE50004CB118 /* UserDtoExt.swift */ = {isa = PBXFileReference; lastKnownFileType = sourcecode.swift; path = UserDtoExt.swift; sourceTree = "<group>"; };
		BFB5ECE79A46AE006364D37F /* Pods-adoptme.debug.xcconfig */ = {isa = PBXFileReference; includeInIndex = 1; lastKnownFileType = text.xcconfig; name = "Pods-adoptme.debug.xcconfig"; path = "Target Support Files/Pods-adoptme/Pods-adoptme.debug.xcconfig"; sourceTree = "<group>"; };
/* End PBXFileReference section */

/* Begin PBXFrameworksBuildPhase section */
		8A6AA3762319A3D2004CB118 /* Frameworks */ = {
			isa = PBXFrameworksBuildPhase;
			buildActionMask = 2147483647;
			files = (
				D246481AEFD22B1167F0C2BF /* Pods_adoptme.framework in Frameworks */,
			);
			runOnlyForDeploymentPostprocessing = 0;
		};
/* End PBXFrameworksBuildPhase section */

/* Begin PBXGroup section */
		1CD115001CFF4FEB98F0F051 /* Pods */ = {
			isa = PBXGroup;
			children = (
				BFB5ECE79A46AE006364D37F /* Pods-adoptme.debug.xcconfig */,
				312D6697F8F495FAC7F8A38C /* Pods-adoptme.release.xcconfig */,
			);
			path = Pods;
			sourceTree = "<group>";
		};
		735933A280644E52FD054D92 /* Frameworks */ = {
			isa = PBXGroup;
			children = (
				7D6DBF4F06DB98531653D851 /* Pods_adoptme.framework */,
			);
			name = Frameworks;
			sourceTree = "<group>";
		};
		8A6AA3702319A3D1004CB118 = {
			isa = PBXGroup;
			children = (
				8A6AA37B2319A3D2004CB118 /* adoptme */,
				8A6AA37A2319A3D2004CB118 /* Products */,
				1CD115001CFF4FEB98F0F051 /* Pods */,
				735933A280644E52FD054D92 /* Frameworks */,
			);
			sourceTree = "<group>";
		};
		8A6AA37A2319A3D2004CB118 /* Products */ = {
			isa = PBXGroup;
			children = (
				8A6AA3792319A3D2004CB118 /* adoptme.app */,
			);
			name = Products;
			sourceTree = "<group>";
		};
		8A6AA37B2319A3D2004CB118 /* adoptme */ = {
			isa = PBXGroup;
			children = (
				8A6AA396231A9247004CB118 /* GoogleService-Info.plist */,
				8A6AA39B231AC8F7004CB118 /* commons */,
				8A6AA3902319A640004CB118 /* viewcontroller */,
				8A6AA38F2319A5C4004CB118 /* model */,
				8A6AA37C2319A3D2004CB118 /* AppDelegate.swift */,
				8A6AA3802319A3D2004CB118 /* Main.storyboard */,
				8A6AA3852319A3D4004CB118 /* LaunchScreen.storyboard */,
				8A6AA3882319A3D4004CB118 /* Info.plist */,
				8A6AA3832319A3D4004CB118 /* Assets.xcassets */,
			);
			path = adoptme;
			sourceTree = "<group>";
		};
		8A6AA38F2319A5C4004CB118 /* model */ = {
			isa = PBXGroup;
			children = (
				8A6AA39E231AC9DD004CB118 /* mappers */,
				8A6AA39C231AC935004CB118 /* UserDto.swift */,
			);
			name = model;
			sourceTree = "<group>";
		};
		8A6AA3902319A640004CB118 /* viewcontroller */ = {
			isa = PBXGroup;
			children = (
				8A6AA37E2319A3D2004CB118 /* LoginController.swift */,
				8A6AA398231AACFA004CB118 /* MainController.swift */,
			);
			path = viewcontroller;
			sourceTree = "<group>";
		};
		8A6AA39B231AC8F7004CB118 /* commons */ = {
			isa = PBXGroup;
			children = (
				8A6AA3A1231ACE50004CB118 /* UserDtoExt.swift */,
			);
			path = commons;
			sourceTree = "<group>";
		};
		8A6AA39E231AC9DD004CB118 /* mappers */ = {
			isa = PBXGroup;
			children = (
				8A6AA39F231AC9EE004CB118 /* UserMapper.swift */,
			);
			name = mappers;
			sourceTree = "<group>";
		};
/* End PBXGroup section */

/* Begin PBXNativeTarget section */
		8A6AA3782319A3D2004CB118 /* adoptme */ = {
			isa = PBXNativeTarget;
			buildConfigurationList = 8A6AA38B2319A3D4004CB118 /* Build configuration list for PBXNativeTarget "adoptme" */;
			buildPhases = (
				5FB254D4B05E49CB8BB577A7 /* [CP] Check Pods Manifest.lock */,
				8A6AA3752319A3D2004CB118 /* Sources */,
				8A6AA3762319A3D2004CB118 /* Frameworks */,
				8A6AA3772319A3D2004CB118 /* Resources */,
				F0175F31917B03173C921DDA /* [CP] Embed Pods Frameworks */,
				391B95861FED0C2A2974E218 /* [CP] Copy Pods Resources */,
			);
			buildRules = (
			);
			dependencies = (
			);
			name = adoptme;
			productName = adoptme;
			productReference = 8A6AA3792319A3D2004CB118 /* adoptme.app */;
			productType = "com.apple.product-type.application";
		};
/* End PBXNativeTarget section */

/* Begin PBXProject section */
		8A6AA3712319A3D1004CB118 /* Project object */ = {
			isa = PBXProject;
			attributes = {
				LastSwiftUpdateCheck = 1030;
				LastUpgradeCheck = 1030;
				ORGANIZATIONNAME = "Raul Rodriguez";
				TargetAttributes = {
					8A6AA3782319A3D2004CB118 = {
						CreatedOnToolsVersion = 10.3;
					};
				};
			};
			buildConfigurationList = 8A6AA3742319A3D2004CB118 /* Build configuration list for PBXProject "adoptme" */;
			compatibilityVersion = "Xcode 9.3";
			developmentRegion = en;
			hasScannedForEncodings = 0;
			knownRegions = (
				en,
				Base,
			);
			mainGroup = 8A6AA3702319A3D1004CB118;
			productRefGroup = 8A6AA37A2319A3D2004CB118 /* Products */;
			projectDirPath = "";
			projectRoot = "";
			targets = (
				8A6AA3782319A3D2004CB118 /* adoptme */,
			);
		};
/* End PBXProject section */

/* Begin PBXResourcesBuildPhase section */
		8A6AA3772319A3D2004CB118 /* Resources */ = {
			isa = PBXResourcesBuildPhase;
			buildActionMask = 2147483647;
			files = (
				8A6AA3872319A3D4004CB118 /* LaunchScreen.storyboard in Resources */,
				8A6AA3842319A3D4004CB118 /* Assets.xcassets in Resources */,
				8A6AA3822319A3D2004CB118 /* Main.storyboard in Resources */,
				8A6AA397231A9247004CB118 /* GoogleService-Info.plist in Resources */,
			);
			runOnlyForDeploymentPostprocessing = 0;
		};
/* End PBXResourcesBuildPhase section */

/* Begin PBXShellScriptBuildPhase section */
		391B95861FED0C2A2974E218 /* [CP] Copy Pods Resources */ = {
			isa = PBXShellScriptBuildPhase;
			buildActionMask = 2147483647;
			files = (
			);
			inputFileListPaths = (
				"${PODS_ROOT}/Target Support Files/Pods-adoptme/Pods-adoptme-resources-${CONFIGURATION}-input-files.xcfilelist",
			);
			name = "[CP] Copy Pods Resources";
			outputFileListPaths = (
				"${PODS_ROOT}/Target Support Files/Pods-adoptme/Pods-adoptme-resources-${CONFIGURATION}-output-files.xcfilelist",
			);
			runOnlyForDeploymentPostprocessing = 0;
			shellPath = /bin/sh;
			shellScript = "\"${PODS_ROOT}/Target Support Files/Pods-adoptme/Pods-adoptme-resources.sh\"\n";
			showEnvVarsInLog = 0;
		};
		5FB254D4B05E49CB8BB577A7 /* [CP] Check Pods Manifest.lock */ = {
			isa = PBXShellScriptBuildPhase;
			buildActionMask = 2147483647;
			files = (
			);
			inputFileListPaths = (
			);
			inputPaths = (
				"${PODS_PODFILE_DIR_PATH}/Podfile.lock",
				"${PODS_ROOT}/Manifest.lock",
			);
			name = "[CP] Check Pods Manifest.lock";
			outputFileListPaths = (
			);
			outputPaths = (
				"$(DERIVED_FILE_DIR)/Pods-adoptme-checkManifestLockResult.txt",
			);
			runOnlyForDeploymentPostprocessing = 0;
			shellPath = /bin/sh;
			shellScript = "diff \"${PODS_PODFILE_DIR_PATH}/Podfile.lock\" \"${PODS_ROOT}/Manifest.lock\" > /dev/null\nif [ $? != 0 ] ; then\n    # print error to STDERR\n    echo \"error: The sandbox is not in sync with the Podfile.lock. Run 'pod install' or update your CocoaPods installation.\" >&2\n    exit 1\nfi\n# This output is used by Xcode 'outputs' to avoid re-running this script phase.\necho \"SUCCESS\" > \"${SCRIPT_OUTPUT_FILE_0}\"\n";
			showEnvVarsInLog = 0;
		};
		F0175F31917B03173C921DDA /* [CP] Embed Pods Frameworks */ = {
			isa = PBXShellScriptBuildPhase;
			buildActionMask = 2147483647;
			files = (
			);
			inputFileListPaths = (
				"${PODS_ROOT}/Target Support Files/Pods-adoptme/Pods-adoptme-frameworks-${CONFIGURATION}-input-files.xcfilelist",
			);
			name = "[CP] Embed Pods Frameworks";
			outputFileListPaths = (
				"${PODS_ROOT}/Target Support Files/Pods-adoptme/Pods-adoptme-frameworks-${CONFIGURATION}-output-files.xcfilelist",
			);
			runOnlyForDeploymentPostprocessing = 0;
			shellPath = /bin/sh;
			shellScript = "\"${PODS_ROOT}/Target Support Files/Pods-adoptme/Pods-adoptme-frameworks.sh\"\n";
			showEnvVarsInLog = 0;
		};
/* End PBXShellScriptBuildPhase section */

/* Begin PBXSourcesBuildPhase section */
		8A6AA3752319A3D2004CB118 /* Sources */ = {
			isa = PBXSourcesBuildPhase;
			buildActionMask = 2147483647;
			files = (
				8A6AA3A2231ACE50004CB118 /* UserDtoExt.swift in Sources */,
				8A6AA37F2319A3D2004CB118 /* LoginController.swift in Sources */,
				8A6AA3A0231AC9EE004CB118 /* UserMapper.swift in Sources */,
				8A6AA399231AACFA004CB118 /* MainController.swift in Sources */,
				8A6AA39D231AC935004CB118 /* UserDto.swift in Sources */,
				8A6AA37D2319A3D2004CB118 /* AppDelegate.swift in Sources */,
			);
			runOnlyForDeploymentPostprocessing = 0;
		};
/* End PBXSourcesBuildPhase section */

/* Begin PBXVariantGroup section */
		8A6AA3802319A3D2004CB118 /* Main.storyboard */ = {
			isa = PBXVariantGroup;
			children = (
				8A6AA3812319A3D2004CB118 /* Base */,
			);
			name = Main.storyboard;
			sourceTree = "<group>";
		};
		8A6AA3852319A3D4004CB118 /* LaunchScreen.storyboard */ = {
			isa = PBXVariantGroup;
			children = (
				8A6AA3862319A3D4004CB118 /* Base */,
			);
			name = LaunchScreen.storyboard;
			sourceTree = "<group>";
		};
/* End PBXVariantGroup section */

/* Begin XCBuildConfiguration section */
		8A6AA3892319A3D4004CB118 /* Debug */ = {
			isa = XCBuildConfiguration;
			buildSettings = {
				ALWAYS_SEARCH_USER_PATHS = NO;
				CLANG_ANALYZER_NONNULL = YES;
				CLANG_ANALYZER_NUMBER_OBJECT_CONVERSION = YES_AGGRESSIVE;
				CLANG_CXX_LANGUAGE_STANDARD = "gnu++14";
				CLANG_CXX_LIBRARY = "libc++";
				CLANG_ENABLE_MODULES = YES;
				CLANG_ENABLE_OBJC_ARC = YES;
				CLANG_ENABLE_OBJC_WEAK = YES;
				CLANG_WARN_BLOCK_CAPTURE_AUTORELEASING = YES;
				CLANG_WARN_BOOL_CONVERSION = YES;
				CLANG_WARN_COMMA = YES;
				CLANG_WARN_CONSTANT_CONVERSION = YES;
				CLANG_WARN_DEPRECATED_OBJC_IMPLEMENTATIONS = YES;
				CLANG_WARN_DIRECT_OBJC_ISA_USAGE = YES_ERROR;
				CLANG_WARN_DOCUMENTATION_COMMENTS = YES;
				CLANG_WARN_EMPTY_BODY = YES;
				CLANG_WARN_ENUM_CONVERSION = YES;
				CLANG_WARN_INFINITE_RECURSION = YES;
				CLANG_WARN_INT_CONVERSION = YES;
				CLANG_WARN_NON_LITERAL_NULL_CONVERSION = YES;
				CLANG_WARN_OBJC_IMPLICIT_RETAIN_SELF = YES;
				CLANG_WARN_OBJC_LITERAL_CONVERSION = YES;
				CLANG_WARN_OBJC_ROOT_CLASS = YES_ERROR;
				CLANG_WARN_RANGE_LOOP_ANALYSIS = YES;
				CLANG_WARN_STRICT_PROTOTYPES = YES;
				CLANG_WARN_SUSPICIOUS_MOVE = YES;
				CLANG_WARN_UNGUARDED_AVAILABILITY = YES_AGGRESSIVE;
				CLANG_WARN_UNREACHABLE_CODE = YES;
				CLANG_WARN__DUPLICATE_METHOD_MATCH = YES;
				CODE_SIGN_IDENTITY = "iPhone Developer";
				COPY_PHASE_STRIP = NO;
				DEBUG_INFORMATION_FORMAT = dwarf;
				ENABLE_STRICT_OBJC_MSGSEND = YES;
				ENABLE_TESTABILITY = YES;
				GCC_C_LANGUAGE_STANDARD = gnu11;
				GCC_DYNAMIC_NO_PIC = NO;
				GCC_NO_COMMON_BLOCKS = YES;
				GCC_OPTIMIZATION_LEVEL = 0;
				GCC_PREPROCESSOR_DEFINITIONS = (
					"DEBUG=1",
					"$(inherited)",
				);
				GCC_WARN_64_TO_32_BIT_CONVERSION = YES;
				GCC_WARN_ABOUT_RETURN_TYPE = YES_ERROR;
				GCC_WARN_UNDECLARED_SELECTOR = YES;
				GCC_WARN_UNINITIALIZED_AUTOS = YES_AGGRESSIVE;
				GCC_WARN_UNUSED_FUNCTION = YES;
				GCC_WARN_UNUSED_VARIABLE = YES;
				IPHONEOS_DEPLOYMENT_TARGET = 12.4;
				MTL_ENABLE_DEBUG_INFO = INCLUDE_SOURCE;
				MTL_FAST_MATH = YES;
				ONLY_ACTIVE_ARCH = YES;
				SDKROOT = iphoneos;
				SWIFT_ACTIVE_COMPILATION_CONDITIONS = DEBUG;
				SWIFT_OPTIMIZATION_LEVEL = "-Onone";
			};
			name = Debug;
		};
		8A6AA38A2319A3D4004CB118 /* Release */ = {
			isa = XCBuildConfiguration;
			buildSettings = {
				ALWAYS_SEARCH_USER_PATHS = NO;
				CLANG_ANALYZER_NONNULL = YES;
				CLANG_ANALYZER_NUMBER_OBJECT_CONVERSION = YES_AGGRESSIVE;
				CLANG_CXX_LANGUAGE_STANDARD = "gnu++14";
				CLANG_CXX_LIBRARY = "libc++";
				CLANG_ENABLE_MODULES = YES;
				CLANG_ENABLE_OBJC_ARC = YES;
				CLANG_ENABLE_OBJC_WEAK = YES;
				CLANG_WARN_BLOCK_CAPTURE_AUTORELEASING = YES;
				CLANG_WARN_BOOL_CONVERSION = YES;
				CLANG_WARN_COMMA = YES;
				CLANG_WARN_CONSTANT_CONVERSION = YES;
				CLANG_WARN_DEPRECATED_OBJC_IMPLEMENTATIONS = YES;
				CLANG_WARN_DIRECT_OBJC_ISA_USAGE = YES_ERROR;
				CLANG_WARN_DOCUMENTATION_COMMENTS = YES;
				CLANG_WARN_EMPTY_BODY = YES;
				CLANG_WARN_ENUM_CONVERSION = YES;
				CLANG_WARN_INFINITE_RECURSION = YES;
				CLANG_WARN_INT_CONVERSION = YES;
				CLANG_WARN_NON_LITERAL_NULL_CONVERSION = YES;
				CLANG_WARN_OBJC_IMPLICIT_RETAIN_SELF = YES;
				CLANG_WARN_OBJC_LITERAL_CONVERSION = YES;
				CLANG_WARN_OBJC_ROOT_CLASS = YES_ERROR;
				CLANG_WARN_RANGE_LOOP_ANALYSIS = YES;
				CLANG_WARN_STRICT_PROTOTYPES = YES;
				CLANG_WARN_SUSPICIOUS_MOVE = YES;
				CLANG_WARN_UNGUARDED_AVAILABILITY = YES_AGGRESSIVE;
				CLANG_WARN_UNREACHABLE_CODE = YES;
				CLANG_WARN__DUPLICATE_METHOD_MATCH = YES;
				CODE_SIGN_IDENTITY = "iPhone Developer";
				COPY_PHASE_STRIP = NO;
				DEBUG_INFORMATION_FORMAT = "dwarf-with-dsym";
				ENABLE_NS_ASSERTIONS = NO;
				ENABLE_STRICT_OBJC_MSGSEND = YES;
				GCC_C_LANGUAGE_STANDARD = gnu11;
				GCC_NO_COMMON_BLOCKS = YES;
				GCC_WARN_64_TO_32_BIT_CONVERSION = YES;
				GCC_WARN_ABOUT_RETURN_TYPE = YES_ERROR;
				GCC_WARN_UNDECLARED_SELECTOR = YES;
				GCC_WARN_UNINITIALIZED_AUTOS = YES_AGGRESSIVE;
				GCC_WARN_UNUSED_FUNCTION = YES;
				GCC_WARN_UNUSED_VARIABLE = YES;
				IPHONEOS_DEPLOYMENT_TARGET = 12.4;
				MTL_ENABLE_DEBUG_INFO = NO;
				MTL_FAST_MATH = YES;
				SDKROOT = iphoneos;
				SWIFT_COMPILATION_MODE = wholemodule;
				SWIFT_OPTIMIZATION_LEVEL = "-O";
				VALIDATE_PRODUCT = YES;
			};
			name = Release;
		};
		8A6AA38C2319A3D4004CB118 /* Debug */ = {
			isa = XCBuildConfiguration;
			baseConfigurationReference = BFB5ECE79A46AE006364D37F /* Pods-adoptme.debug.xcconfig */;
			buildSettings = {
				ASSETCATALOG_COMPILER_APPICON_NAME = AppIcon;
				CODE_SIGN_STYLE = Automatic;
				INFOPLIST_FILE = adoptme/Info.plist;
				LD_RUNPATH_SEARCH_PATHS = (
					"$(inherited)",
					"@executable_path/Frameworks",
				);
				PRODUCT_BUNDLE_IDENTIFIER = tuppersoft.com.adoptme;
				PRODUCT_NAME = "$(TARGET_NAME)";
				SWIFT_VERSION = 5.0;
				TARGETED_DEVICE_FAMILY = "1,2";
			};
			name = Debug;
		};
		8A6AA38D2319A3D4004CB118 /* Release */ = {
			isa = XCBuildConfiguration;
			baseConfigurationReference = 312D6697F8F495FAC7F8A38C /* Pods-adoptme.release.xcconfig */;
			buildSettings = {
				ASSETCATALOG_COMPILER_APPICON_NAME = AppIcon;
				CODE_SIGN_STYLE = Automatic;
				INFOPLIST_FILE = adoptme/Info.plist;
				LD_RUNPATH_SEARCH_PATHS = (
					"$(inherited)",
					"@executable_path/Frameworks",
				);
				PRODUCT_BUNDLE_IDENTIFIER = tuppersoft.com.adoptme;
				PRODUCT_NAME = "$(TARGET_NAME)";
				SWIFT_VERSION = 5.0;
				TARGETED_DEVICE_FAMILY = "1,2";
			};
			name = Release;
		};
/* End XCBuildConfiguration section */

/* Begin XCConfigurationList section */
		8A6AA3742319A3D2004CB118 /* Build configuration list for PBXProject "adoptme" */ = {
			isa = XCConfigurationList;
			buildConfigurations = (
				8A6AA3892319A3D4004CB118 /* Debug */,
				8A6AA38A2319A3D4004CB118 /* Release */,
			);
			defaultConfigurationIsVisible = 0;
			defaultConfigurationName = Release;
		};
		8A6AA38B2319A3D4004CB118 /* Build configuration list for PBXNativeTarget "adoptme" */ = {
			isa = XCConfigurationList;
			buildConfigurations = (
				8A6AA38C2319A3D4004CB118 /* Debug */,
				8A6AA38D2319A3D4004CB118 /* Release */,
			);
			defaultConfigurationIsVisible = 0;
			defaultConfigurationName = Release;
		};
/* End XCConfigurationList section */
	};
	rootObject = 8A6AA3712319A3D1004CB118 /* Project object */;
}
